
Microsoft Visual Studio Solution File, Format Version 12.00
# Visual Studio 2012
Project("{FAE04EC0-301F-11D3-BF4B-00C04F79EFBC}") = "Data", "Data.csproj", "{F771FD21-ABF9-4CC6-AFBC-BEB7FDB1D579}"
EndProject
Global
	GlobalSection(SolutionConfigurationPlatforms) = preSolution
		Debug|Any CPU = Debug|Any CPU
		Release|Any CPU = Release|Any CPU
	EndGlobalSection
	GlobalSection(ProjectConfigurationPlatforms) = postSolution
		{F771FD21-ABF9-4CC6-AFBC-BEB7FDB1D579}.Debug|Any CPU.ActiveCfg = Debug|Any CPU
		{F771FD21-ABF9-4CC6-AFBC-BEB7FDB1D579}.Debug|Any CPU.Build.0 = Debug|Any CPU
		{F771FD21-ABF9-4CC6-AFBC-BEB7FDB1D579}.Release|Any CPU.ActiveCfg = Release|Any CPU
		{F771FD21-ABF9-4CC6-AFBC-BEB7FDB1D579}.Release|Any CPU.Build.0 = Release|Any CPU
	EndGlobalSection
	GlobalSection(SolutionProperties) = preSolution
		HideSolutionNode = FALSE
	EndGlobalSection
EndGlobal
